
Microsoft Visual Studio Solution File, Format Version 12.00
# Visual Studio Version 17
VisualStudioVersion = 17.3.32825.248
MinimumVisualStudioVersion = 10.0.40219.1
Project("{FAE04EC0-301F-11D3-BF4B-00C04F79EFBC}") = "01. Pool Day", "01. Pool Day\01. Pool Day.csproj", "{14CA7AE2-BD61-4509-991D-E18E4E752AA6}"
EndProject
Project("{FAE04EC0-301F-11D3-BF4B-00C04F79EFBC}") = "02. Family Trip", "02. Family Trip\02. Family Trip.csproj", "{4822A841-9A73-4324-88D1-824C68F54D70}"
EndProject
Project("{FAE04EC0-301F-11D3-BF4B-00C04F79EFBC}") = "03. Coffee Machine", "03. Coffee Machine\03. Coffee Machine.csproj", "{51A44427-DBF1-4345-9C4A-4FFFA4BEA469}"
EndProject
Project("{FAE04EC0-301F-11D3-BF4B-00C04F79EFBC}") = "03. Travel Agency", "03. Travel Agency\03. Travel Agency.csproj", "{5F088C3F-F88D-4C1B-8FE6-A856D1F4D627}"
EndProject
Project("{FAE04EC0-301F-11D3-BF4B-00C04F79EFBC}") = "04. Club", "04. Club\04. Club.csproj", "{1DBDBB55-EDB4-4090-ACEF-AC6E380EEC91}"
EndProject
Project("{FAE04EC0-301F-11D3-BF4B-00C04F79EFBC}") = "04. Renovation", "04. Renovation\04. Renovation.csproj", "{5296A35C-63F5-4040-8027-13C29B3797DD}"
EndProject
Project("{FAE04EC0-301F-11D3-BF4B-00C04F79EFBC}") = "05. PC Game Shop", "05. PC Game Shop\05. PC Game Shop.csproj", "{27C0CDDE-C81D-4B4F-8195-AF6F2EE1A3BB}"
EndProject
Project("{FAE04EC0-301F-11D3-BF4B-00C04F79EFBC}") = "05. Football Tournament", "05. Football Tournament\05. Football Tournament.csproj", "{46328E58-CB3C-4AA8-A805-168E5B0B04AA}"
EndProject
Project("{FAE04EC0-301F-11D3-BF4B-00C04F79EFBC}") = "06. Name Game", "06. Name Game\06. Name Game.csproj", "{371BFF25-8470-403C-9779-2BCCA015192C}"
EndProject
Project("{FAE04EC0-301F-11D3-BF4B-00C04F79EFBC}") = "06. The Most Powerful Word", "06. The Most Powerful Word\06. The Most Powerful Word.csproj", "{A6FA4A0E-A452-4FF6-AB33-AE495DF27913}"
EndProject
Global
	GlobalSection(SolutionConfigurationPlatforms) = preSolution
		Debug|Any CPU = Debug|Any CPU
		Release|Any CPU = Release|Any CPU
	EndGlobalSection
	GlobalSection(ProjectConfigurationPlatforms) = postSolution
		{14CA7AE2-BD61-4509-991D-E18E4E752AA6}.Debug|Any CPU.ActiveCfg = Debug|Any CPU
		{14CA7AE2-BD61-4509-991D-E18E4E752AA6}.Debug|Any CPU.Build.0 = Debug|Any CPU
		{14CA7AE2-BD61-4509-991D-E18E4E752AA6}.Release|Any CPU.ActiveCfg = Release|Any CPU
		{14CA7AE2-BD61-4509-991D-E18E4E752AA6}.Release|Any CPU.Build.0 = Release|Any CPU
		{4822A841-9A73-4324-88D1-824C68F54D70}.Debug|Any CPU.ActiveCfg = Debug|Any CPU
		{4822A841-9A73-4324-88D1-824C68F54D70}.Debug|Any CPU.Build.0 = Debug|Any CPU
		{4822A841-9A73-4324-88D1-824C68F54D70}.Release|Any CPU.ActiveCfg = Release|Any CPU
		{4822A841-9A73-4324-88D1-824C68F54D70}.Release|Any CPU.Build.0 = Release|Any CPU
		{51A44427-DBF1-4345-9C4A-4FFFA4BEA469}.Debug|Any CPU.ActiveCfg = Debug|Any CPU
		{51A44427-DBF1-4345-9C4A-4FFFA4BEA469}.Debug|Any CPU.Build.0 = Debug|Any CPU
		{51A44427-DBF1-4345-9C4A-4FFFA4BEA469}.Release|Any CPU.ActiveCfg = Release|Any CPU
		{51A44427-DBF1-4345-9C4A-4FFFA4BEA469}.Release|Any CPU.Build.0 = Release|Any CPU
		{5F088C3F-F88D-4C1B-8FE6-A856D1F4D627}.Debug|Any CPU.ActiveCfg = Debug|Any CPU
		{5F088C3F-F88D-4C1B-8FE6-A856D1F4D627}.Debug|Any CPU.Build.0 = Debug|Any CPU
		{5F088C3F-F88D-4C1B-8FE6-A856D1F4D627}.Release|Any CPU.ActiveCfg = Release|Any CPU
		{5F088C3F-F88D-4C1B-8FE6-A856D1F4D627}.Release|Any CPU.Build.0 = Release|Any CPU
		{1DBDBB55-EDB4-4090-ACEF-AC6E380EEC91}.Debug|Any CPU.ActiveCfg = Debug|Any CPU
		{1DBDBB55-EDB4-4090-ACEF-AC6E380EEC91}.Debug|Any CPU.Build.0 = Debug|Any CPU
		{1DBDBB55-EDB4-4090-ACEF-AC6E380EEC91}.Release|Any CPU.ActiveCfg = Release|Any CPU
		{1DBDBB55-EDB4-4090-ACEF-AC6E380EEC91}.Release|Any CPU.Build.0 = Release|Any CPU
		{5296A35C-63F5-4040-8027-13C29B3797DD}.Debug|Any CPU.ActiveCfg = Debug|Any CPU
		{5296A35C-63F5-4040-8027-13C29B3797DD}.Debug|Any CPU.Build.0 = Debug|Any CPU
		{5296A35C-63F5-4040-8027-13C29B3797DD}.Release|Any CPU.ActiveCfg = Release|Any CPU
		{5296A35C-63F5-4040-8027-13C29B3797DD}.Release|Any CPU.Build.0 = Release|Any CPU
		{27C0CDDE-C81D-4B4F-8195-AF6F2EE1A3BB}.Debug|Any CPU.ActiveCfg = Debug|Any CPU
		{27C0CDDE-C81D-4B4F-8195-AF6F2EE1A3BB}.Debug|Any CPU.Build.0 = Debug|Any CPU
		{27C0CDDE-C81D-4B4F-8195-AF6F2EE1A3BB}.Release|Any CPU.ActiveCfg = Release|Any CPU
		{27C0CDDE-C81D-4B4F-8195-AF6F2EE1A3BB}.Release|Any CPU.Build.0 = Release|Any CPU
		{46328E58-CB3C-4AA8-A805-168E5B0B04AA}.Debug|Any CPU.ActiveCfg = Debug|Any CPU
		{46328E58-CB3C-4AA8-A805-168E5B0B04AA}.Debug|Any CPU.Build.0 = Debug|Any CPU
		{46328E58-CB3C-4AA8-A805-168E5B0B04AA}.Release|Any CPU.ActiveCfg = Release|Any CPU
		{46328E58-CB3C-4AA8-A805-168E5B0B04AA}.Release|Any CPU.Build.0 = Release|Any CPU
		{371BFF25-8470-403C-9779-2BCCA015192C}.Debug|Any CPU.ActiveCfg = Debug|Any CPU
		{371BFF25-8470-403C-9779-2BCCA015192C}.Debug|Any CPU.Build.0 = Debug|Any CPU
		{371BFF25-8470-403C-9779-2BCCA015192C}.Release|Any CPU.ActiveCfg = Release|Any CPU
		{371BFF25-8470-403C-9779-2BCCA015192C}.Release|Any CPU.Build.0 = Release|Any CPU
		{A6FA4A0E-A452-4FF6-AB33-AE495DF27913}.Debug|Any CPU.ActiveCfg = Debug|Any CPU
		{A6FA4A0E-A452-4FF6-AB33-AE495DF27913}.Debug|Any CPU.Build.0 = Debug|Any CPU
		{A6FA4A0E-A452-4FF6-AB33-AE495DF27913}.Release|Any CPU.ActiveCfg = Release|Any CPU
		{A6FA4A0E-A452-4FF6-AB33-AE495DF27913}.Release|Any CPU.Build.0 = Release|Any CPU
	EndGlobalSection
	GlobalSection(SolutionProperties) = preSolution
		HideSolutionNode = FALSE
	EndGlobalSection
	GlobalSection(ExtensibilityGlobals) = postSolution
		SolutionGuid = {2764175D-76B1-45FE-97C8-08A1380E08B2}
	EndGlobalSection
EndGlobal
